
Microsoft Visual Studio Solution File, Format Version 12.00
# Visual Studio 2012
Project("{FAE04EC0-301F-11D3-BF4B-00C04F79EFBC}") = "Apresentacao", "Apresentacao\Apresentacao.csproj", "{D6A3F56D-FD5D-42B0-82D3-669FC1B37A19}"
EndProject
Project("{FAE04EC0-301F-11D3-BF4B-00C04F79EFBC}") = "Negocio", "Negocio\Negocio.csproj", "{76E26EF2-4C00-4EFA-AE5B-C449E8093B0F}"
EndProject
Global
	GlobalSection(TeamFoundationVersionControl) = preSolution
		SccNumberOfProjects = 3
		SccEnterpriseProvider = {4CA58AB2-18FA-4F8D-95D4-32DDF27D184C}
		SccTeamFoundationServer = https://luizcveloso.visualstudio.com/defaultcollection
		SccLocalPath0 = .
		SccProjectUniqueName1 = Apresentacao\\Apresentacao.csproj
		SccProjectName1 = Apresentacao
		SccLocalPath1 = Apresentacao
		SccProjectUniqueName2 = Negocio\\Negocio.csproj
		SccProjectName2 = Negocio
		SccLocalPath2 = Negocio
	EndGlobalSection
	GlobalSection(SolutionConfigurationPlatforms) = preSolution
		Debug|Any CPU = Debug|Any CPU
		Release|Any CPU = Release|Any CPU
	EndGlobalSection
	GlobalSection(ProjectConfigurationPlatforms) = postSolution
		{D6A3F56D-FD5D-42B0-82D3-669FC1B37A19}.Debug|Any CPU.ActiveCfg = Debug|Any CPU
		{D6A3F56D-FD5D-42B0-82D3-669FC1B37A19}.Debug|Any CPU.Build.0 = Debug|Any CPU
		{D6A3F56D-FD5D-42B0-82D3-669FC1B37A19}.Release|Any CPU.ActiveCfg = Release|Any CPU
		{D6A3F56D-FD5D-42B0-82D3-669FC1B37A19}.Release|Any CPU.Build.0 = Release|Any CPU
		{76E26EF2-4C00-4EFA-AE5B-C449E8093B0F}.Debug|Any CPU.ActiveCfg = Debug|Any CPU
		{76E26EF2-4C00-4EFA-AE5B-C449E8093B0F}.Debug|Any CPU.Build.0 = Debug|Any CPU
		{76E26EF2-4C00-4EFA-AE5B-C449E8093B0F}.Release|Any CPU.ActiveCfg = Release|Any CPU
		{76E26EF2-4C00-4EFA-AE5B-C449E8093B0F}.Release|Any CPU.Build.0 = Release|Any CPU
	EndGlobalSection
	GlobalSection(SolutionProperties) = preSolution
		HideSolutionNode = FALSE
	EndGlobalSection
EndGlobal
